
Microsoft Visual Studio Solution File, Format Version 12.00
# Visual Studio Version 17
VisualStudioVersion = 17.13.35818.85 d17.13
MinimumVisualStudioVersion = 10.0.40219.1
Project("{FAE04EC0-301F-11D3-BF4B-00C04F79EFBC}") = "SistemaVentaBlazor.WhatsAppBot", "SistemaVentaBlazor.WhatsAppBot.csproj", "{0097A3CE-F426-487B-422A-B6C1FABA1747}"
EndProject
Global
	GlobalSection(SolutionConfigurationPlatforms) = preSolution
		Debug|Any CPU = Debug|Any CPU
		Release|Any CPU = Release|Any CPU
	EndGlobalSection
	GlobalSection(ProjectConfigurationPlatforms) = postSolution
		{0097A3CE-F426-487B-422A-B6C1FABA1747}.Debug|Any CPU.ActiveCfg = Debug|Any CPU
		{0097A3CE-F426-487B-422A-B6C1FABA1747}.Debug|Any CPU.Build.0 = Debug|Any CPU
		{0097A3CE-F426-487B-422A-B6C1FABA1747}.Release|Any CPU.ActiveCfg = Release|Any CPU
		{0097A3CE-F426-487B-422A-B6C1FABA1747}.Release|Any CPU.Build.0 = Release|Any CPU
	EndGlobalSection
	GlobalSection(SolutionProperties) = preSolution
		HideSolutionNode = FALSE
	EndGlobalSection
	GlobalSection(ExtensibilityGlobals) = postSolution
		SolutionGuid = {1F0931E0-9EED-4CE6-80D3-8350D8C1C19B}
	EndGlobalSection
EndGlobal
